
Microsoft Visual Studio Solution File, Format Version 12.00
# Visual Studio Version 16
VisualStudioVersion = 16.0.31729.503
MinimumVisualStudioVersion = 10.0.40219.1
Project("{FAE04EC0-301F-11D3-BF4B-00C04F79EFBC}") = "Repository", "Repository\Repository.csproj", "{9E19253B-A1B3-42FC-B858-13FC8DB0D7D8}"
EndProject
Global
	GlobalSection(SolutionConfigurationPlatforms) = preSolution
		Debug|Any CPU = Debug|Any CPU
		Release|Any CPU = Release|Any CPU
	EndGlobalSection
	GlobalSection(ProjectConfigurationPlatforms) = postSolution
		{9E19253B-A1B3-42FC-B858-13FC8DB0D7D8}.Debug|Any CPU.ActiveCfg = Debug|Any CPU
		{9E19253B-A1B3-42FC-B858-13FC8DB0D7D8}.Debug|Any CPU.Build.0 = Debug|Any CPU
		{9E19253B-A1B3-42FC-B858-13FC8DB0D7D8}.Release|Any CPU.ActiveCfg = Release|Any CPU
		{9E19253B-A1B3-42FC-B858-13FC8DB0D7D8}.Release|Any CPU.Build.0 = Release|Any CPU
	EndGlobalSection
	GlobalSection(SolutionProperties) = preSolution
		HideSolutionNode = FALSE
	EndGlobalSection
	GlobalSection(ExtensibilityGlobals) = postSolution
		SolutionGuid = {C5E6BEFF-75F5-47E2-BC26-F31BA878C136}
	EndGlobalSection
EndGlobal
